
Microsoft Visual Studio Solution File, Format Version 12.00
# Visual Studio Version 16
VisualStudioVersion = 16.0.29102.190
MinimumVisualStudioVersion = 10.0.40219.1
Project("{9A19103F-16F7-4668-BE54-9A1E7A4F7556}") = "classy-electronics", "classy-electronics.csproj", "{44E50E9C-C844-46B0-9123-4E795955DE5E}"
EndProject
Global
	GlobalSection(SolutionConfigurationPlatforms) = preSolution
		Debug|Any CPU = Debug|Any CPU
		Release|Any CPU = Release|Any CPU
	EndGlobalSection
	GlobalSection(ProjectConfigurationPlatforms) = postSolution
		{44E50E9C-C844-46B0-9123-4E795955DE5E}.Debug|Any CPU.ActiveCfg = Debug|Any CPU
		{44E50E9C-C844-46B0-9123-4E795955DE5E}.Debug|Any CPU.Build.0 = Debug|Any CPU
		{44E50E9C-C844-46B0-9123-4E795955DE5E}.Release|Any CPU.ActiveCfg = Release|Any CPU
		{44E50E9C-C844-46B0-9123-4E795955DE5E}.Release|Any CPU.Build.0 = Release|Any CPU
	EndGlobalSection
	GlobalSection(SolutionProperties) = preSolution
		HideSolutionNode = FALSE
	EndGlobalSection
	GlobalSection(ExtensibilityGlobals) = postSolution
		SolutionGuid = {74BB4C26-8039-4BB2-ABB0-722B5D63E49A}
	EndGlobalSection
EndGlobal
